// !$*UTF8*$!
{
	archiveVersion = 1;
	classes = {
	};
	objectVersion = 50;
	objects = {

/* Begin PBXBuildFile section */
		274A33B02425595C002F5843 /* ColorView.swift in Sources */ = {isa = PBXBuildFile; fileRef = 274A33AF2425595C002F5843 /* ColorView.swift */; };
		274A33B2242560C0002F5843 /* AppView.swift in Sources */ = {isa = PBXBuildFile; fileRef = 274A33B1242560C0002F5843 /* AppView.swift */; };
		274FE4BF2430BB0600D5603C /* ChauDetail.swift in Sources */ = {isa = PBXBuildFile; fileRef = 274FE4BE2430BB0600D5603C /* ChauDetail.swift */; };
		274FE4C12430C66700D5603C /* GaumenschmausDetail.swift in Sources */ = {isa = PBXBuildFile; fileRef = 274FE4C02430C66700D5603C /* GaumenschmausDetail.swift */; };
		274FE4C32430C6DC00D5603C /* GaripsDetail.swift in Sources */ = {isa = PBXBuildFile; fileRef = 274FE4C22430C6DC00D5603C /* GaripsDetail.swift */; };
		274FE4C52430C72700D5603C /* HaschDetail.swift in Sources */ = {isa = PBXBuildFile; fileRef = 274FE4C42430C72700D5603C /* HaschDetail.swift */; };
		274FE4C72430C74B00D5603C /* MiransDetail.swift in Sources */ = {isa = PBXBuildFile; fileRef = 274FE4C62430C74B00D5603C /* MiransDetail.swift */; };
		2787292F242C14FF00B96EC9 /* CheckoutView.swift in Sources */ = {isa = PBXBuildFile; fileRef = 2787292E242C14FF00B96EC9 /* CheckoutView.swift */; };
		27A96E84242F998A00779AEF /* Testing.swift in Sources */ = {isa = PBXBuildFile; fileRef = 27A96E83242F998A00779AEF /* Testing.swift */; };
		27DC2C57241FBAF800BBDB5D /* AppDelegate.swift in Sources */ = {isa = PBXBuildFile; fileRef = 27DC2C56241FBAF800BBDB5D /* AppDelegate.swift */; };
		27DC2C59241FBAF800BBDB5D /* SceneDelegate.swift in Sources */ = {isa = PBXBuildFile; fileRef = 27DC2C58241FBAF800BBDB5D /* SceneDelegate.swift */; };
		27DC2C5C241FBAF800BBDB5D /* CleanFood.xcdatamodeld in Sources */ = {isa = PBXBuildFile; fileRef = 27DC2C5A241FBAF800BBDB5D /* CleanFood.xcdatamodeld */; };
		27DC2C5E241FBAF800BBDB5D /* ContentView.swift in Sources */ = {isa = PBXBuildFile; fileRef = 27DC2C5D241FBAF800BBDB5D /* ContentView.swift */; };
		27DC2C60241FBAF900BBDB5D /* Assets.xcassets in Resources */ = {isa = PBXBuildFile; fileRef = 27DC2C5F241FBAF900BBDB5D /* Assets.xcassets */; };
		27DC2C63241FBAF900BBDB5D /* Preview Assets.xcassets in Resources */ = {isa = PBXBuildFile; fileRef = 27DC2C62241FBAF900BBDB5D /* Preview Assets.xcassets */; };
		27DC2C66241FBAF900BBDB5D /* LaunchScreen.storyboard in Resources */ = {isa = PBXBuildFile; fileRef = 27DC2C64241FBAF900BBDB5D /* LaunchScreen.storyboard */; };
		27DC2C6E241FBFCC00BBDB5D /* PizzaView.swift in Sources */ = {isa = PBXBuildFile; fileRef = 27DC2C6D241FBFCC00BBDB5D /* PizzaView.swift */; };
		27DC2C70241FBFEF00BBDB5D /* ChauView.swift in Sources */ = {isa = PBXBuildFile; fileRef = 27DC2C6F241FBFEF00BBDB5D /* ChauView.swift */; };
		27DC2C72241FC00B00BBDB5D /* GaumenschmausView.swift in Sources */ = {isa = PBXBuildFile; fileRef = 27DC2C71241FC00B00BBDB5D /* GaumenschmausView.swift */; };
		27DC2C74241FC02300BBDB5D /* MiransView.swift in Sources */ = {isa = PBXBuildFile; fileRef = 27DC2C73241FC02300BBDB5D /* MiransView.swift */; };
		27DC2C76241FC03000BBDB5D /* GaripsView.swift in Sources */ = {isa = PBXBuildFile; fileRef = 27DC2C75241FC03000BBDB5D /* GaripsView.swift */; };
		27DC2C78241FC04D00BBDB5D /* HaschView.swift in Sources */ = {isa = PBXBuildFile; fileRef = 27DC2C77241FC04D00BBDB5D /* HaschView.swift */; };
		27DC2C7D241FC80D00BBDB5D /* pizza.json in Resources */ = {isa = PBXBuildFile; fileRef = 27DC2C7C241FC80D00BBDB5D /* pizza.json */; };
		27DC2C7F241FC82800BBDB5D /* Helper.swift in Sources */ = {isa = PBXBuildFile; fileRef = 27DC2C7E241FC82800BBDB5D /* Helper.swift */; };
		27DC2CB0241FD80A00BBDB5D /* ChauList.swift in Sources */ = {isa = PBXBuildFile; fileRef = 27DC2CAF241FD80A00BBDB5D /* ChauList.swift */; };
		27DC2CB2241FD81B00BBDB5D /* GaumenschmausList.swift in Sources */ = {isa = PBXBuildFile; fileRef = 27DC2CB1241FD81B00BBDB5D /* GaumenschmausList.swift */; };
		27DC2CB4241FD82400BBDB5D /* MiransList.swift in Sources */ = {isa = PBXBuildFile; fileRef = 27DC2CB3241FD82400BBDB5D /* MiransList.swift */; };
		27DC2CB6241FD83000BBDB5D /* GaripsList.swift in Sources */ = {isa = PBXBuildFile; fileRef = 27DC2CB5241FD83000BBDB5D /* GaripsList.swift */; };
		27DC2CB8241FD84000BBDB5D /* HaschList.swift in Sources */ = {isa = PBXBuildFile; fileRef = 27DC2CB7241FD84000BBDB5D /* HaschList.swift */; };
		27DC2CBA241FD85300BBDB5D /* chau.json in Resources */ = {isa = PBXBuildFile; fileRef = 27DC2CB9241FD85300BBDB5D /* chau.json */; };
		27DC2CBC241FD86000BBDB5D /* gaumenschmaus.json in Resources */ = {isa = PBXBuildFile; fileRef = 27DC2CBB241FD86000BBDB5D /* gaumenschmaus.json */; };
		27DC2CBE241FD86B00BBDB5D /* mirans.json in Resources */ = {isa = PBXBuildFile; fileRef = 27DC2CBD241FD86B00BBDB5D /* mirans.json */; };
		27DC2CC0241FD87B00BBDB5D /* garips.json in Resources */ = {isa = PBXBuildFile; fileRef = 27DC2CBF241FD87B00BBDB5D /* garips.json */; };
		27DC2CC2241FD88700BBDB5D /* hasch.json in Resources */ = {isa = PBXBuildFile; fileRef = 27DC2CC1241FD88700BBDB5D /* hasch.json */; };
		27FA8B102430061F00E1604E /* PizzaDetail.swift in Sources */ = {isa = PBXBuildFile; fileRef = 27FA8B0F2430061F00E1604E /* PizzaDetail.swift */; };
		27FA8B1224300E0A00E1604E /* PizzaItem.swift in Sources */ = {isa = PBXBuildFile; fileRef = 27FA8B1124300E0A00E1604E /* PizzaItem.swift */; };
		27FDE6B9242168C6001CBF90 /* SettingsView.swift in Sources */ = {isa = PBXBuildFile; fileRef = 27FDE6B8242168C6001CBF90 /* SettingsView.swift */; };
		27FDE6C3242174FD001CBF90 /* FavoriteView.swift in Sources */ = {isa = PBXBuildFile; fileRef = 27FDE6C2242174FD001CBF90 /* FavoriteView.swift */; };
		27FDE6C5242175AE001CBF90 /* OrderView.swift in Sources */ = {isa = PBXBuildFile; fileRef = 27FDE6C4242175AE001CBF90 /* OrderView.swift */; };
/* End PBXBuildFile section */

/* Begin PBXFileReference section */
		274A33AF2425595C002F5843 /* ColorView.swift */ = {isa = PBXFileReference; fileEncoding = 4; lastKnownFileType = sourcecode.swift; path = ColorView.swift; sourceTree = "<group>"; };
		274A33B1242560C0002F5843 /* AppView.swift */ = {isa = PBXFileReference; lastKnownFileType = sourcecode.swift; path = AppView.swift; sourceTree = "<group>"; };
		274FE4BE2430BB0600D5603C /* ChauDetail.swift */ = {isa = PBXFileReference; lastKnownFileType = sourcecode.swift; path = ChauDetail.swift; sourceTree = "<group>"; };
		274FE4C02430C66700D5603C /* GaumenschmausDetail.swift */ = {isa = PBXFileReference; lastKnownFileType = sourcecode.swift; path = GaumenschmausDetail.swift; sourceTree = "<group>"; };
		274FE4C22430C6DC00D5603C /* GaripsDetail.swift */ = {isa = PBXFileReference; lastKnownFileType = sourcecode.swift; path = GaripsDetail.swift; sourceTree = "<group>"; };
		274FE4C42430C72700D5603C /* HaschDetail.swift */ = {isa = PBXFileReference; lastKnownFileType = sourcecode.swift; path = HaschDetail.swift; sourceTree = "<group>"; };
		274FE4C62430C74B00D5603C /* MiransDetail.swift */ = {isa = PBXFileReference; lastKnownFileType = sourcecode.swift; path = MiransDetail.swift; sourceTree = "<group>"; };
		2787292E242C14FF00B96EC9 /* CheckoutView.swift */ = {isa = PBXFileReference; lastKnownFileType = sourcecode.swift; path = CheckoutView.swift; sourceTree = "<group>"; };
		27A96E83242F998A00779AEF /* Testing.swift */ = {isa = PBXFileReference; lastKnownFileType = sourcecode.swift; path = Testing.swift; sourceTree = "<group>"; };
		27DC2C53241FBAF800BBDB5D /* CleanFood.app */ = {isa = PBXFileReference; explicitFileType = wrapper.application; includeInIndex = 0; path = CleanFood.app; sourceTree = BUILT_PRODUCTS_DIR; };
		27DC2C56241FBAF800BBDB5D /* AppDelegate.swift */ = {isa = PBXFileReference; lastKnownFileType = sourcecode.swift; path = AppDelegate.swift; sourceTree = "<group>"; };
		27DC2C58241FBAF800BBDB5D /* SceneDelegate.swift */ = {isa = PBXFileReference; lastKnownFileType = sourcecode.swift; path = SceneDelegate.swift; sourceTree = "<group>"; };
		27DC2C5B241FBAF800BBDB5D /* CleanFood.xcdatamodel */ = {isa = PBXFileReference; lastKnownFileType = wrapper.xcdatamodel; path = CleanFood.xcdatamodel; sourceTree = "<group>"; };
		27DC2C5D241FBAF800BBDB5D /* ContentView.swift */ = {isa = PBXFileReference; lastKnownFileType = sourcecode.swift; path = ContentView.swift; sourceTree = "<group>"; };
		27DC2C5F241FBAF900BBDB5D /* Assets.xcassets */ = {isa = PBXFileReference; lastKnownFileType = folder.assetcatalog; path = Assets.xcassets; sourceTree = "<group>"; };
		27DC2C62241FBAF900BBDB5D /* Preview Assets.xcassets */ = {isa = PBXFileReference; lastKnownFileType = folder.assetcatalog; path = "Preview Assets.xcassets"; sourceTree = "<group>"; };
		27DC2C65241FBAF900BBDB5D /* Base */ = {isa = PBXFileReference; lastKnownFileType = file.storyboard; name = Base; path = Base.lproj/LaunchScreen.storyboard; sourceTree = "<group>"; };
		27DC2C67241FBAF900BBDB5D /* Info.plist */ = {isa = PBXFileReference; lastKnownFileType = text.plist.xml; path = Info.plist; sourceTree = "<group>"; };
		27DC2C6D241FBFCC00BBDB5D /* PizzaView.swift */ = {isa = PBXFileReference; lastKnownFileType = sourcecode.swift; path = PizzaView.swift; sourceTree = "<group>"; };
		27DC2C6F241FBFEF00BBDB5D /* ChauView.swift */ = {isa = PBXFileReference; lastKnownFileType = sourcecode.swift; path = ChauView.swift; sourceTree = "<group>"; };
		27DC2C71241FC00B00BBDB5D /* GaumenschmausView.swift */ = {isa = PBXFileReference; lastKnownFileType = sourcecode.swift; path = GaumenschmausView.swift; sourceTree = "<group>"; };
		27DC2C73241FC02300BBDB5D /* MiransView.swift */ = {isa = PBXFileReference; lastKnownFileType = sourcecode.swift; path = MiransView.swift; sourceTree = "<group>"; };
		27DC2C75241FC03000BBDB5D /* GaripsView.swift */ = {isa = PBXFileReference; lastKnownFileType = sourcecode.swift; path = GaripsView.swift; sourceTree = "<group>"; };
		27DC2C77241FC04D00BBDB5D /* HaschView.swift */ = {isa = PBXFileReference; lastKnownFileType = sourcecode.swift; path = HaschView.swift; sourceTree = "<group>"; };
		27DC2C7C241FC80D00BBDB5D /* pizza.json */ = {isa = PBXFileReference; lastKnownFileType = text.json; path = pizza.json; sourceTree = "<group>"; };
		27DC2C7E241FC82800BBDB5D /* Helper.swift */ = {isa = PBXFileReference; lastKnownFileType = sourcecode.swift; path = Helper.swift; sourceTree = "<group>"; };
		27DC2CAF241FD80A00BBDB5D /* ChauList.swift */ = {isa = PBXFileReference; lastKnownFileType = sourcecode.swift; path = ChauList.swift; sourceTree = "<group>"; };
		27DC2CB1241FD81B00BBDB5D /* GaumenschmausList.swift */ = {isa = PBXFileReference; lastKnownFileType = sourcecode.swift; path = GaumenschmausList.swift; sourceTree = "<group>"; };
		27DC2CB3241FD82400BBDB5D /* MiransList.swift */ = {isa = PBXFileReference; lastKnownFileType = sourcecode.swift; path = MiransList.swift; sourceTree = "<group>"; };
		27DC2CB5241FD83000BBDB5D /* GaripsList.swift */ = {isa = PBXFileReference; lastKnownFileType = sourcecode.swift; path = GaripsList.swift; sourceTree = "<group>"; };
		27DC2CB7241FD84000BBDB5D /* HaschList.swift */ = {isa = PBXFileReference; lastKnownFileType = sourcecode.swift; path = HaschList.swift; sourceTree = "<group>"; };
		27DC2CB9241FD85300BBDB5D /* chau.json */ = {isa = PBXFileReference; lastKnownFileType = text.json; path = chau.json; sourceTree = "<group>"; };
		27DC2CBB241FD86000BBDB5D /* gaumenschmaus.json */ = {isa = PBXFileReference; lastKnownFileType = text.json; path = gaumenschmaus.json; sourceTree = "<group>"; };
		27DC2CBD241FD86B00BBDB5D /* mirans.json */ = {isa = PBXFileReference; lastKnownFileType = text.json; path = mirans.json; sourceTree = "<group>"; };
		27DC2CBF241FD87B00BBDB5D /* garips.json */ = {isa = PBXFileReference; lastKnownFileType = text.json; path = garips.json; sourceTree = "<group>"; };
		27DC2CC1241FD88700BBDB5D /* hasch.json */ = {isa = PBXFileReference; lastKnownFileType = text.json; path = hasch.json; sourceTree = "<group>"; };
		27FA8B0F2430061F00E1604E /* PizzaDetail.swift */ = {isa = PBXFileReference; lastKnownFileType = sourcecode.swift; path = PizzaDetail.swift; sourceTree = "<group>"; };
		27FA8B1124300E0A00E1604E /* PizzaItem.swift */ = {isa = PBXFileReference; lastKnownFileType = sourcecode.swift; path = PizzaItem.swift; sourceTree = "<group>"; };
		27FDE6B8242168C6001CBF90 /* SettingsView.swift */ = {isa = PBXFileReference; lastKnownFileType = sourcecode.swift; path = SettingsView.swift; sourceTree = "<group>"; };
		27FDE6C2242174FD001CBF90 /* FavoriteView.swift */ = {isa = PBXFileReference; lastKnownFileType = sourcecode.swift; path = FavoriteView.swift; sourceTree = "<group>"; };
		27FDE6C4242175AE001CBF90 /* OrderView.swift */ = {isa = PBXFileReference; lastKnownFileType = sourcecode.swift; path = OrderView.swift; sourceTree = "<group>"; };
/* End PBXFileReference section */

/* Begin PBXFrameworksBuildPhase section */
		27DC2C50241FBAF800BBDB5D /* Frameworks */ = {
			isa = PBXFrameworksBuildPhase;
			buildActionMask = 2147483647;
			files = (
			);
			runOnlyForDeploymentPostprocessing = 0;
		};
/* End PBXFrameworksBuildPhase section */

/* Begin PBXGroup section */
		270F8068242CB0C3008BB6D3 /* Favorite */ = {
			isa = PBXGroup;
			children = (
				27FDE6C2242174FD001CBF90 /* FavoriteView.swift */,
			);
			path = Favorite;
			sourceTree = "<group>";
		};
		2787293C242C235000B96EC9 /* Order */ = {
			isa = PBXGroup;
			children = (
				27FDE6C4242175AE001CBF90 /* OrderView.swift */,
			);
			path = Order;
			sourceTree = "<group>";
		};
		27DC2C4A241FBAF800BBDB5D = {
			isa = PBXGroup;
			children = (
				27DC2C55241FBAF800BBDB5D /* CleanFood */,
				27DC2C54241FBAF800BBDB5D /* Products */,
			);
			sourceTree = "<group>";
		};
		27DC2C54241FBAF800BBDB5D /* Products */ = {
			isa = PBXGroup;
			children = (
				27DC2C53241FBAF800BBDB5D /* CleanFood.app */,
			);
			name = Products;
			sourceTree = "<group>";
		};
		27DC2C55241FBAF800BBDB5D /* CleanFood */ = {
			isa = PBXGroup;
			children = (
				27DC2CC92420F8B300BBDB5D /* Construct */,
				27DC2CCC2420FC0100BBDB5D /* Views */,
				27DC2CC82420F88500BBDB5D /* Pizza */,
				27DC2CC72420F87B00BBDB5D /* Chau */,
				27DC2CC62420F87400BBDB5D /* Gaumenschmaus */,
				27DC2CC52420F86E00BBDB5D /* Garips */,
				27DC2CC42420F86600BBDB5D /* Hasch */,
				27DC2CC32420F85000BBDB5D /* Mirans */,
				2787293C242C235000B96EC9 /* Order */,
				270F8068242CB0C3008BB6D3 /* Favorite */,
				27DC2C5F241FBAF900BBDB5D /* Assets.xcassets */,
				27DC2C64241FBAF900BBDB5D /* LaunchScreen.storyboard */,
				27DC2C67241FBAF900BBDB5D /* Info.plist */,
				27DC2C5A241FBAF800BBDB5D /* CleanFood.xcdatamodeld */,
				27DC2C61241FBAF900BBDB5D /* Preview Content */,
			);
			path = CleanFood;
			sourceTree = "<group>";
		};
		27DC2C61241FBAF900BBDB5D /* Preview Content */ = {
			isa = PBXGroup;
			children = (
				27DC2C62241FBAF900BBDB5D /* Preview Assets.xcassets */,
			);
			path = "Preview Content";
			sourceTree = "<group>";
		};
		27DC2CC32420F85000BBDB5D /* Mirans */ = {
			isa = PBXGroup;
			children = (
				27DC2C73241FC02300BBDB5D /* MiransView.swift */,
				274FE4C62430C74B00D5603C /* MiransDetail.swift */,
				27DC2CB3241FD82400BBDB5D /* MiransList.swift */,
				27DC2CBD241FD86B00BBDB5D /* mirans.json */,
			);
			path = Mirans;
			sourceTree = "<group>";
		};
		27DC2CC42420F86600BBDB5D /* Hasch */ = {
			isa = PBXGroup;
			children = (
				27DC2C77241FC04D00BBDB5D /* HaschView.swift */,
				27DC2CB7241FD84000BBDB5D /* HaschList.swift */,
				274FE4C42430C72700D5603C /* HaschDetail.swift */,
				27DC2CC1241FD88700BBDB5D /* hasch.json */,
			);
			path = Hasch;
			sourceTree = "<group>";
		};
		27DC2CC52420F86E00BBDB5D /* Garips */ = {
			isa = PBXGroup;
			children = (
				27DC2C75241FC03000BBDB5D /* GaripsView.swift */,
				27DC2CB5241FD83000BBDB5D /* GaripsList.swift */,
				274FE4C22430C6DC00D5603C /* GaripsDetail.swift */,
				27DC2CBF241FD87B00BBDB5D /* garips.json */,
			);
			path = Garips;
			sourceTree = "<group>";
		};
		27DC2CC62420F87400BBDB5D /* Gaumenschmaus */ = {
			isa = PBXGroup;
			children = (
				27DC2C71241FC00B00BBDB5D /* GaumenschmausView.swift */,
				27DC2CB1241FD81B00BBDB5D /* GaumenschmausList.swift */,
				274FE4C02430C66700D5603C /* GaumenschmausDetail.swift */,
				27DC2CBB241FD86000BBDB5D /* gaumenschmaus.json */,
			);
			path = Gaumenschmaus;
			sourceTree = "<group>";
		};
		27DC2CC72420F87B00BBDB5D /* Chau */ = {
			isa = PBXGroup;
			children = (
				27DC2C6F241FBFEF00BBDB5D /* ChauView.swift */,
				27DC2CAF241FD80A00BBDB5D /* ChauList.swift */,
				274FE4BE2430BB0600D5603C /* ChauDetail.swift */,
				27DC2CB9241FD85300BBDB5D /* chau.json */,
			);
			path = Chau;
			sourceTree = "<group>";
		};
		27DC2CC82420F88500BBDB5D /* Pizza */ = {
			isa = PBXGroup;
			children = (
				27DC2C6D241FBFCC00BBDB5D /* PizzaView.swift */,
				27FA8B1124300E0A00E1604E /* PizzaItem.swift */,
				27FA8B0F2430061F00E1604E /* PizzaDetail.swift */,
				27A96E83242F998A00779AEF /* Testing.swift */,
				27DC2C7C241FC80D00BBDB5D /* pizza.json */,
			);
			path = Pizza;
			sourceTree = "<group>";
		};
		27DC2CC92420F8B300BBDB5D /* Construct */ = {
			isa = PBXGroup;
			children = (
				27DC2C56241FBAF800BBDB5D /* AppDelegate.swift */,
				27DC2C58241FBAF800BBDB5D /* SceneDelegate.swift */,
				27DC2C5D241FBAF800BBDB5D /* ContentView.swift */,
				27DC2C7E241FC82800BBDB5D /* Helper.swift */,
			);
			path = Construct;
			sourceTree = "<group>";
		};
		27DC2CCC2420FC0100BBDB5D /* Views */ = {
			isa = PBXGroup;
			children = (
				274A33B1242560C0002F5843 /* AppView.swift */,
				27FDE6B8242168C6001CBF90 /* SettingsView.swift */,
				2787292E242C14FF00B96EC9 /* CheckoutView.swift */,
				274A33AF2425595C002F5843 /* ColorView.swift */,
			);
			path = Views;
			sourceTree = "<group>";
		};
/* End PBXGroup section */

/* Begin PBXNativeTarget section */
		27DC2C52241FBAF800BBDB5D /* CleanFood */ = {
			isa = PBXNativeTarget;
			buildConfigurationList = 27DC2C6A241FBAF900BBDB5D /* Build configuration list for PBXNativeTarget "CleanFood" */;
			buildPhases = (
				27DC2C4F241FBAF800BBDB5D /* Sources */,
				27DC2C50241FBAF800BBDB5D /* Frameworks */,
				27DC2C51241FBAF800BBDB5D /* Resources */,
			);
			buildRules = (
			);
			dependencies = (
			);
			name = CleanFood;
			productName = CleanFood;
			productReference = 27DC2C53241FBAF800BBDB5D /* CleanFood.app */;
			productType = "com.apple.product-type.application";
		};
/* End PBXNativeTarget section */

/* Begin PBXProject section */
		27DC2C4B241FBAF800BBDB5D /* Project object */ = {
			isa = PBXProject;
			attributes = {
				LastSwiftUpdateCheck = 1130;
				LastUpgradeCheck = 1130;
				ORGANIZATIONNAME = "Ewald Kerner";
				TargetAttributes = {
					27DC2C52241FBAF800BBDB5D = {
						CreatedOnToolsVersion = 11.3.1;
					};
				};
			};
			buildConfigurationList = 27DC2C4E241FBAF800BBDB5D /* Build configuration list for PBXProject "CleanFood" */;
			compatibilityVersion = "Xcode 9.3";
			developmentRegion = en;
			hasScannedForEncodings = 0;
			knownRegions = (
				en,
				Base,
			);
			mainGroup = 27DC2C4A241FBAF800BBDB5D;
			productRefGroup = 27DC2C54241FBAF800BBDB5D /* Products */;
			projectDirPath = "";
			projectRoot = "";
			targets = (
				27DC2C52241FBAF800BBDB5D /* CleanFood */,
			);
		};
/* End PBXProject section */

/* Begin PBXResourcesBuildPhase section */
		27DC2C51241FBAF800BBDB5D /* Resources */ = {
			isa = PBXResourcesBuildPhase;
			buildActionMask = 2147483647;
			files = (
				27DC2CC2241FD88700BBDB5D /* hasch.json in Resources */,
				27DC2C7D241FC80D00BBDB5D /* pizza.json in Resources */,
				27DC2CC0241FD87B00BBDB5D /* garips.json in Resources */,
				27DC2CBC241FD86000BBDB5D /* gaumenschmaus.json in Resources */,
				27DC2CBA241FD85300BBDB5D /* chau.json in Resources */,
				27DC2CBE241FD86B00BBDB5D /* mirans.json in Resources */,
				27DC2C66241FBAF900BBDB5D /* LaunchScreen.storyboard in Resources */,
				27DC2C63241FBAF900BBDB5D /* Preview Assets.xcassets in Resources */,
				27DC2C60241FBAF900BBDB5D /* Assets.xcassets in Resources */,
			);
			runOnlyForDeploymentPostprocessing = 0;
		};
/* End PBXResourcesBuildPhase section */

/* Begin PBXSourcesBuildPhase section */
		27DC2C4F241FBAF800BBDB5D /* Sources */ = {
			isa = PBXSourcesBuildPhase;
			buildActionMask = 2147483647;
			files = (
				274FE4C12430C66700D5603C /* GaumenschmausDetail.swift in Sources */,
				27DC2CB0241FD80A00BBDB5D /* ChauList.swift in Sources */,
				27FA8B102430061F00E1604E /* PizzaDetail.swift in Sources */,
				27DC2CB4241FD82400BBDB5D /* MiransList.swift in Sources */,
				274A33B02425595C002F5843 /* ColorView.swift in Sources */,
				274A33B2242560C0002F5843 /* AppView.swift in Sources */,
				274FE4C72430C74B00D5603C /* MiransDetail.swift in Sources */,
				27FDE6B9242168C6001CBF90 /* SettingsView.swift in Sources */,
				27DC2C78241FC04D00BBDB5D /* HaschView.swift in Sources */,
				274FE4C52430C72700D5603C /* HaschDetail.swift in Sources */,
				27DC2C74241FC02300BBDB5D /* MiransView.swift in Sources */,
				27DC2C72241FC00B00BBDB5D /* GaumenschmausView.swift in Sources */,
				274FE4C32430C6DC00D5603C /* GaripsDetail.swift in Sources */,
				27DC2C57241FBAF800BBDB5D /* AppDelegate.swift in Sources */,
				27FDE6C3242174FD001CBF90 /* FavoriteView.swift in Sources */,
				274FE4BF2430BB0600D5603C /* ChauDetail.swift in Sources */,
				27DC2C59241FBAF800BBDB5D /* SceneDelegate.swift in Sources */,
				27A96E84242F998A00779AEF /* Testing.swift in Sources */,
				27DC2C6E241FBFCC00BBDB5D /* PizzaView.swift in Sources */,
				27DC2C76241FC03000BBDB5D /* GaripsView.swift in Sources */,
				2787292F242C14FF00B96EC9 /* CheckoutView.swift in Sources */,
				27DC2C5E241FBAF800BBDB5D /* ContentView.swift in Sources */,
				27DC2CB2241FD81B00BBDB5D /* GaumenschmausList.swift in Sources */,
				27DC2CB8241FD84000BBDB5D /* HaschList.swift in Sources */,
				27DC2C5C241FBAF800BBDB5D /* CleanFood.xcdatamodeld in Sources */,
				27DC2CB6241FD83000BBDB5D /* GaripsList.swift in Sources */,
				27FDE6C5242175AE001CBF90 /* OrderView.swift in Sources */,
				27FA8B1224300E0A00E1604E /* PizzaItem.swift in Sources */,
				27DC2C70241FBFEF00BBDB5D /* ChauView.swift in Sources */,
				27DC2C7F241FC82800BBDB5D /* Helper.swift in Sources */,
			);
			runOnlyForDeploymentPostprocessing = 0;
		};
/* End PBXSourcesBuildPhase section */

/* Begin PBXVariantGroup section */
		27DC2C64241FBAF900BBDB5D /* LaunchScreen.storyboard */ = {
			isa = PBXVariantGroup;
			children = (
				27DC2C65241FBAF900BBDB5D /* Base */,
			);
			name = LaunchScreen.storyboard;
			sourceTree = "<group>";
		};
/* End PBXVariantGroup section */

/* Begin XCBuildConfiguration section */
		27DC2C68241FBAF900BBDB5D /* Debug */ = {
			isa = XCBuildConfiguration;
			buildSettings = {
				ALWAYS_SEARCH_USER_PATHS = NO;
				CLANG_ANALYZER_NONNULL = YES;
				CLANG_ANALYZER_NUMBER_OBJECT_CONVERSION = YES_AGGRESSIVE;
				CLANG_CXX_LANGUAGE_STANDARD = "gnu++14";
				CLANG_CXX_LIBRARY = "libc++";
				CLANG_ENABLE_MODULES = YES;
				CLANG_ENABLE_OBJC_ARC = YES;
				CLANG_ENABLE_OBJC_WEAK = YES;
				CLANG_WARN_BLOCK_CAPTURE_AUTORELEASING = YES;
				CLANG_WARN_BOOL_CONVERSION = YES;
				CLANG_WARN_COMMA = YES;
				CLANG_WARN_CONSTANT_CONVERSION = YES;
				CLANG_WARN_DEPRECATED_OBJC_IMPLEMENTATIONS = YES;
				CLANG_WARN_DIRECT_OBJC_ISA_USAGE = YES_ERROR;
				CLANG_WARN_DOCUMENTATION_COMMENTS = YES;
				CLANG_WARN_EMPTY_BODY = YES;
				CLANG_WARN_ENUM_CONVERSION = YES;
				CLANG_WARN_INFINITE_RECURSION = YES;
				CLANG_WARN_INT_CONVERSION = YES;
				CLANG_WARN_NON_LITERAL_NULL_CONVERSION = YES;
				CLANG_WARN_OBJC_IMPLICIT_RETAIN_SELF = YES;
				CLANG_WARN_OBJC_LITERAL_CONVERSION = YES;
				CLANG_WARN_OBJC_ROOT_CLASS = YES_ERROR;
				CLANG_WARN_RANGE_LOOP_ANALYSIS = YES;
				CLANG_WARN_STRICT_PROTOTYPES = YES;
				CLANG_WARN_SUSPICIOUS_MOVE = YES;
				CLANG_WARN_UNGUARDED_AVAILABILITY = YES_AGGRESSIVE;
				CLANG_WARN_UNREACHABLE_CODE = YES;
				CLANG_WARN__DUPLICATE_METHOD_MATCH = YES;
				COPY_PHASE_STRIP = NO;
				DEBUG_INFORMATION_FORMAT = dwarf;
				ENABLE_STRICT_OBJC_MSGSEND = YES;
				ENABLE_TESTABILITY = YES;
				GCC_C_LANGUAGE_STANDARD = gnu11;
				GCC_DYNAMIC_NO_PIC = NO;
				GCC_NO_COMMON_BLOCKS = YES;
				GCC_OPTIMIZATION_LEVEL = 0;
				GCC_PREPROCESSOR_DEFINITIONS = (
					"DEBUG=1",
					"$(inherited)",
				);
				GCC_WARN_64_TO_32_BIT_CONVERSION = YES;
				GCC_WARN_ABOUT_RETURN_TYPE = YES_ERROR;
				GCC_WARN_UNDECLARED_SELECTOR = YES;
				GCC_WARN_UNINITIALIZED_AUTOS = YES_AGGRESSIVE;
				GCC_WARN_UNUSED_FUNCTION = YES;
				GCC_WARN_UNUSED_VARIABLE = YES;
				IPHONEOS_DEPLOYMENT_TARGET = 13.2;
				MTL_ENABLE_DEBUG_INFO = INCLUDE_SOURCE;
				MTL_FAST_MATH = YES;
				ONLY_ACTIVE_ARCH = YES;
				SDKROOT = iphoneos;
				SWIFT_ACTIVE_COMPILATION_CONDITIONS = DEBUG;
				SWIFT_OPTIMIZATION_LEVEL = "-Onone";
			};
			name = Debug;
		};
		27DC2C69241FBAF900BBDB5D /* Release */ = {
			isa = XCBuildConfiguration;
			buildSettings = {
				ALWAYS_SEARCH_USER_PATHS = NO;
				CLANG_ANALYZER_NONNULL = YES;
				CLANG_ANALYZER_NUMBER_OBJECT_CONVERSION = YES_AGGRESSIVE;
				CLANG_CXX_LANGUAGE_STANDARD = "gnu++14";
				CLANG_CXX_LIBRARY = "libc++";
				CLANG_ENABLE_MODULES = YES;
				CLANG_ENABLE_OBJC_ARC = YES;
				CLANG_ENABLE_OBJC_WEAK = YES;
				CLANG_WARN_BLOCK_CAPTURE_AUTORELEASING = YES;
				CLANG_WARN_BOOL_CONVERSION = YES;
				CLANG_WARN_COMMA = YES;
				CLANG_WARN_CONSTANT_CONVERSION = YES;
				CLANG_WARN_DEPRECATED_OBJC_IMPLEMENTATIONS = YES;
				CLANG_WARN_DIRECT_OBJC_ISA_USAGE = YES_ERROR;
				CLANG_WARN_DOCUMENTATION_COMMENTS = YES;
				CLANG_WARN_EMPTY_BODY = YES;
				CLANG_WARN_ENUM_CONVERSION = YES;
				CLANG_WARN_INFINITE_RECURSION = YES;
				CLANG_WARN_INT_CONVERSION = YES;
				CLANG_WARN_NON_LITERAL_NULL_CONVERSION = YES;
				CLANG_WARN_OBJC_IMPLICIT_RETAIN_SELF = YES;
				CLANG_WARN_OBJC_LITERAL_CONVERSION = YES;
				CLANG_WARN_OBJC_ROOT_CLASS = YES_ERROR;
				CLANG_WARN_RANGE_LOOP_ANALYSIS = YES;
				CLANG_WARN_STRICT_PROTOTYPES = YES;
				CLANG_WARN_SUSPICIOUS_MOVE = YES;
				CLANG_WARN_UNGUARDED_AVAILABILITY = YES_AGGRESSIVE;
				CLANG_WARN_UNREACHABLE_CODE = YES;
				CLANG_WARN__DUPLICATE_METHOD_MATCH = YES;
				COPY_PHASE_STRIP = NO;
				DEBUG_INFORMATION_FORMAT = "dwarf-with-dsym";
				ENABLE_NS_ASSERTIONS = NO;
				ENABLE_STRICT_OBJC_MSGSEND = YES;
				GCC_C_LANGUAGE_STANDARD = gnu11;
				GCC_NO_COMMON_BLOCKS = YES;
				GCC_WARN_64_TO_32_BIT_CONVERSION = YES;
				GCC_WARN_ABOUT_RETURN_TYPE = YES_ERROR;
				GCC_WARN_UNDECLARED_SELECTOR = YES;
				GCC_WARN_UNINITIALIZED_AUTOS = YES_AGGRESSIVE;
				GCC_WARN_UNUSED_FUNCTION = YES;
				GCC_WARN_UNUSED_VARIABLE = YES;
				IPHONEOS_DEPLOYMENT_TARGET = 13.2;
				MTL_ENABLE_DEBUG_INFO = NO;
				MTL_FAST_MATH = YES;
				SDKROOT = iphoneos;
				SWIFT_COMPILATION_MODE = wholemodule;
				SWIFT_OPTIMIZATION_LEVEL = "-O";
				VALIDATE_PRODUCT = YES;
			};
			name = Release;
		};
		27DC2C6B241FBAF900BBDB5D /* Debug */ = {
			isa = XCBuildConfiguration;
			buildSettings = {
				ASSETCATALOG_COMPILER_APPICON_NAME = AppIcon;
				CODE_SIGN_STYLE = Automatic;
				DEVELOPMENT_ASSET_PATHS = "\"CleanFood/Preview Content\"";
				DEVELOPMENT_TEAM = 888SK7VUC2;
				ENABLE_PREVIEWS = YES;
				INFOPLIST_FILE = CleanFood/Info.plist;
				LD_RUNPATH_SEARCH_PATHS = (
					"$(inherited)",
					"@executable_path/Frameworks",
				);
				PRODUCT_BUNDLE_IDENTIFIER = bo.CleanFood;
				PRODUCT_NAME = "$(TARGET_NAME)";
				SWIFT_VERSION = 5.0;
				TARGETED_DEVICE_FAMILY = "1,2";
			};
			name = Debug;
		};
		27DC2C6C241FBAF900BBDB5D /* Release */ = {
			isa = XCBuildConfiguration;
			buildSettings = {
				ASSETCATALOG_COMPILER_APPICON_NAME = AppIcon;
				CODE_SIGN_STYLE = Automatic;
				DEVELOPMENT_ASSET_PATHS = "\"CleanFood/Preview Content\"";
				DEVELOPMENT_TEAM = 888SK7VUC2;
				ENABLE_PREVIEWS = YES;
				INFOPLIST_FILE = CleanFood/Info.plist;
				LD_RUNPATH_SEARCH_PATHS = (
					"$(inherited)",
					"@executable_path/Frameworks",
				);
				PRODUCT_BUNDLE_IDENTIFIER = bo.CleanFood;
				PRODUCT_NAME = "$(TARGET_NAME)";
				SWIFT_VERSION = 5.0;
				TARGETED_DEVICE_FAMILY = "1,2";
			};
			name = Release;
		};
/* End XCBuildConfiguration section */

/* Begin XCConfigurationList section */
		27DC2C4E241FBAF800BBDB5D /* Build configuration list for PBXProject "CleanFood" */ = {
			isa = XCConfigurationList;
			buildConfigurations = (
				27DC2C68241FBAF900BBDB5D /* Debug */,
				27DC2C69241FBAF900BBDB5D /* Release */,
			);
			defaultConfigurationIsVisible = 0;
			defaultConfigurationName = Release;
		};
		27DC2C6A241FBAF900BBDB5D /* Build configuration list for PBXNativeTarget "CleanFood" */ = {
			isa = XCConfigurationList;
			buildConfigurations = (
				27DC2C6B241FBAF900BBDB5D /* Debug */,
				27DC2C6C241FBAF900BBDB5D /* Release */,
			);
			defaultConfigurationIsVisible = 0;
			defaultConfigurationName = Release;
		};
/* End XCConfigurationList section */

/* Begin XCVersionGroup section */
		27DC2C5A241FBAF800BBDB5D /* CleanFood.xcdatamodeld */ = {
			isa = XCVersionGroup;
			children = (
				27DC2C5B241FBAF800BBDB5D /* CleanFood.xcdatamodel */,
			);
			currentVersion = 27DC2C5B241FBAF800BBDB5D /* CleanFood.xcdatamodel */;
			path = CleanFood.xcdatamodeld;
			sourceTree = "<group>";
			versionGroupType = wrapper.xcdatamodel;
		};
/* End XCVersionGroup section */
	};
	rootObject = 27DC2C4B241FBAF800BBDB5D /* Project object */;
}
